
Microsoft Visual Studio Solution File, Format Version 12.00
# Visual Studio Version 17
VisualStudioVersion = 17.14.36518.9 d17.14
MinimumVisualStudioVersion = 10.0.40219.1
Project("{FAE04EC0-301F-11D3-BF4B-00C04F79EFBC}") = "SecurityApp", "SecurityApp\SecurityApp.csproj", "{308D8A07-77BD-44A9-853A-F72E509C9DAA}"
EndProject
Global
	GlobalSection(SolutionConfigurationPlatforms) = preSolution
		Debug|Any CPU = Debug|Any CPU
		Release|Any CPU = Release|Any CPU
	EndGlobalSection
	GlobalSection(ProjectConfigurationPlatforms) = postSolution
		{308D8A07-77BD-44A9-853A-F72E509C9DAA}.Debug|Any CPU.ActiveCfg = Debug|Any CPU
		{308D8A07-77BD-44A9-853A-F72E509C9DAA}.Debug|Any CPU.Build.0 = Debug|Any CPU
		{308D8A07-77BD-44A9-853A-F72E509C9DAA}.Release|Any CPU.ActiveCfg = Release|Any CPU
		{308D8A07-77BD-44A9-853A-F72E509C9DAA}.Release|Any CPU.Build.0 = Release|Any CPU
	EndGlobalSection
	GlobalSection(SolutionProperties) = preSolution
		HideSolutionNode = FALSE
	EndGlobalSection
	GlobalSection(ExtensibilityGlobals) = postSolution
		SolutionGuid = {7427DA8D-1154-41DF-A14A-276E0EC66884}
	EndGlobalSection
EndGlobal
